
Microsoft Visual Studio Solution File, Format Version 12.00
# Visual Studio Version 17
VisualStudioVersion = 17.12.35527.113
MinimumVisualStudioVersion = 10.0.40219.1
Project("{2150E333-8FDC-42A3-9474-1A3956D46DE8}") = "FrontEnd", "FrontEnd", "{FB17D1EF-1D5B-4A39-9446-6AD8F4ED4B9A}"
EndProject
Project("{2150E333-8FDC-42A3-9474-1A3956D46DE8}") = "Gateway", "Gateway", "{42F1E36B-C1DC-4278-A39E-AFB651E30C7E}"
EndProject
Project("{2150E333-8FDC-42A3-9474-1A3956D46DE8}") = "Integration", "Integration", "{7704F3FF-9641-4CCF-8888-8AF0C4FE3DA8}"
EndProject
Project("{2150E333-8FDC-42A3-9474-1A3956D46DE8}") = "Services", "Services", "{08FE6E96-F24F-420E-8F0D-2A6D66E10C86}"
EndProject
Project("{FAE04EC0-301F-11D3-BF4B-00C04F79EFBC}") = "Mango.Services.CouponAPI", "Mango.Services.CouponAPI\Mango.Services.CouponAPI.csproj", "{DD35014C-6B08-47FC-BCAE-114866FB06F2}"
EndProject
Project("{FAE04EC0-301F-11D3-BF4B-00C04F79EFBC}") = "Mango.Web", "Mango.Web\Mango.Web.csproj", "{511AC489-59BD-4B01-A9A3-D84DC53BAE55}"
EndProject
Project("{FAE04EC0-301F-11D3-BF4B-00C04F79EFBC}") = "Mango.Services.AuthAPI", "Mango.Services.AuthAPI\Mango.Services.AuthAPI.csproj", "{A229A3DB-85E9-4667-A76D-726E89EB4DB2}"
EndProject
Project("{FAE04EC0-301F-11D3-BF4B-00C04F79EFBC}") = "Mango.Services.ProductAPI", "Mango.Services.ProductAPI\Mango.Services.ProductAPI.csproj", "{8D1125E1-F69A-4CD2-9686-4728BC2802AF}"
EndProject
Project("{FAE04EC0-301F-11D3-BF4B-00C04F79EFBC}") = "Mango.Services.ShoppingCartAPI", "Mango.Services.ShoppingCartAPI\Mango.Services.ShoppingCartAPI.csproj", "{9C2A61AD-4CB0-453B-A94F-84D0A43347A0}"
EndProject
Project("{FAE04EC0-301F-11D3-BF4B-00C04F79EFBC}") = "Mango.MessageBus", "Mango.MessageBus\Mango.MessageBus.csproj", "{66879AC7-BF20-4604-B6E0-D6CFD5D6751A}"
EndProject
Project("{FAE04EC0-301F-11D3-BF4B-00C04F79EFBC}") = "Mango.Services.EmailAPI", "Mango.Services.EmailAPI\Mango.Services.EmailAPI.csproj", "{ECA50811-8384-4523-8536-752C46635566}"
EndProject
Project("{FAE04EC0-301F-11D3-BF4B-00C04F79EFBC}") = "Mango.Services.OrderAPI", "Mango.Services.OrderAPI\Mango.Services.OrderAPI.csproj", "{2154EF50-C92E-4511-8631-88036C198E77}"
EndProject
Project("{FAE04EC0-301F-11D3-BF4B-00C04F79EFBC}") = "Mango.Services.RewardAPI", "Mango.Services.RewardAPI\Mango.Services.RewardAPI.csproj", "{701A3BA7-1449-4D3E-8632-E3390A4C06EF}"
EndProject
Project("{FAE04EC0-301F-11D3-BF4B-00C04F79EFBC}") = "Mango.GatewaySolution", "Mango.GatewaySolution\Mango.GatewaySolution.csproj", "{EFEE86EA-5C8F-44E1-882D-CDBEC5EFC793}"
EndProject
Global
	GlobalSection(SolutionConfigurationPlatforms) = preSolution
		Debug|Any CPU = Debug|Any CPU
		Release|Any CPU = Release|Any CPU
	EndGlobalSection
	GlobalSection(ProjectConfigurationPlatforms) = postSolution
		{DD35014C-6B08-47FC-BCAE-114866FB06F2}.Debug|Any CPU.ActiveCfg = Debug|Any CPU
		{DD35014C-6B08-47FC-BCAE-114866FB06F2}.Debug|Any CPU.Build.0 = Debug|Any CPU
		{DD35014C-6B08-47FC-BCAE-114866FB06F2}.Release|Any CPU.ActiveCfg = Release|Any CPU
		{DD35014C-6B08-47FC-BCAE-114866FB06F2}.Release|Any CPU.Build.0 = Release|Any CPU
		{511AC489-59BD-4B01-A9A3-D84DC53BAE55}.Debug|Any CPU.ActiveCfg = Debug|Any CPU
		{511AC489-59BD-4B01-A9A3-D84DC53BAE55}.Debug|Any CPU.Build.0 = Debug|Any CPU
		{511AC489-59BD-4B01-A9A3-D84DC53BAE55}.Release|Any CPU.ActiveCfg = Release|Any CPU
		{511AC489-59BD-4B01-A9A3-D84DC53BAE55}.Release|Any CPU.Build.0 = Release|Any CPU
		{A229A3DB-85E9-4667-A76D-726E89EB4DB2}.Debug|Any CPU.ActiveCfg = Debug|Any CPU
		{A229A3DB-85E9-4667-A76D-726E89EB4DB2}.Debug|Any CPU.Build.0 = Debug|Any CPU
		{A229A3DB-85E9-4667-A76D-726E89EB4DB2}.Release|Any CPU.ActiveCfg = Release|Any CPU
		{A229A3DB-85E9-4667-A76D-726E89EB4DB2}.Release|Any CPU.Build.0 = Release|Any CPU
		{8D1125E1-F69A-4CD2-9686-4728BC2802AF}.Debug|Any CPU.ActiveCfg = Debug|Any CPU
		{8D1125E1-F69A-4CD2-9686-4728BC2802AF}.Debug|Any CPU.Build.0 = Debug|Any CPU
		{8D1125E1-F69A-4CD2-9686-4728BC2802AF}.Release|Any CPU.ActiveCfg = Release|Any CPU
		{8D1125E1-F69A-4CD2-9686-4728BC2802AF}.Release|Any CPU.Build.0 = Release|Any CPU
		{9C2A61AD-4CB0-453B-A94F-84D0A43347A0}.Debug|Any CPU.ActiveCfg = Debug|Any CPU
		{9C2A61AD-4CB0-453B-A94F-84D0A43347A0}.Debug|Any CPU.Build.0 = Debug|Any CPU
		{9C2A61AD-4CB0-453B-A94F-84D0A43347A0}.Release|Any CPU.ActiveCfg = Release|Any CPU
		{9C2A61AD-4CB0-453B-A94F-84D0A43347A0}.Release|Any CPU.Build.0 = Release|Any CPU
		{66879AC7-BF20-4604-B6E0-D6CFD5D6751A}.Debug|Any CPU.ActiveCfg = Debug|Any CPU
		{66879AC7-BF20-4604-B6E0-D6CFD5D6751A}.Debug|Any CPU.Build.0 = Debug|Any CPU
		{66879AC7-BF20-4604-B6E0-D6CFD5D6751A}.Release|Any CPU.ActiveCfg = Release|Any CPU
		{66879AC7-BF20-4604-B6E0-D6CFD5D6751A}.Release|Any CPU.Build.0 = Release|Any CPU
		{ECA50811-8384-4523-8536-752C46635566}.Debug|Any CPU.ActiveCfg = Debug|Any CPU
		{ECA50811-8384-4523-8536-752C46635566}.Debug|Any CPU.Build.0 = Debug|Any CPU
		{ECA50811-8384-4523-8536-752C46635566}.Release|Any CPU.ActiveCfg = Release|Any CPU
		{ECA50811-8384-4523-8536-752C46635566}.Release|Any CPU.Build.0 = Release|Any CPU
		{2154EF50-C92E-4511-8631-88036C198E77}.Debug|Any CPU.ActiveCfg = Debug|Any CPU
		{2154EF50-C92E-4511-8631-88036C198E77}.Debug|Any CPU.Build.0 = Debug|Any CPU
		{2154EF50-C92E-4511-8631-88036C198E77}.Release|Any CPU.ActiveCfg = Release|Any CPU
		{2154EF50-C92E-4511-8631-88036C198E77}.Release|Any CPU.Build.0 = Release|Any CPU
		{701A3BA7-1449-4D3E-8632-E3390A4C06EF}.Debug|Any CPU.ActiveCfg = Debug|Any CPU
		{701A3BA7-1449-4D3E-8632-E3390A4C06EF}.Debug|Any CPU.Build.0 = Debug|Any CPU
		{701A3BA7-1449-4D3E-8632-E3390A4C06EF}.Release|Any CPU.ActiveCfg = Release|Any CPU
		{701A3BA7-1449-4D3E-8632-E3390A4C06EF}.Release|Any CPU.Build.0 = Release|Any CPU
		{EFEE86EA-5C8F-44E1-882D-CDBEC5EFC793}.Debug|Any CPU.ActiveCfg = Debug|Any CPU
		{EFEE86EA-5C8F-44E1-882D-CDBEC5EFC793}.Debug|Any CPU.Build.0 = Debug|Any CPU
		{EFEE86EA-5C8F-44E1-882D-CDBEC5EFC793}.Release|Any CPU.ActiveCfg = Release|Any CPU
		{EFEE86EA-5C8F-44E1-882D-CDBEC5EFC793}.Release|Any CPU.Build.0 = Release|Any CPU
	EndGlobalSection
	GlobalSection(SolutionProperties) = preSolution
		HideSolutionNode = FALSE
	EndGlobalSection
	GlobalSection(NestedProjects) = preSolution
		{DD35014C-6B08-47FC-BCAE-114866FB06F2} = {08FE6E96-F24F-420E-8F0D-2A6D66E10C86}
		{511AC489-59BD-4B01-A9A3-D84DC53BAE55} = {FB17D1EF-1D5B-4A39-9446-6AD8F4ED4B9A}
		{A229A3DB-85E9-4667-A76D-726E89EB4DB2} = {08FE6E96-F24F-420E-8F0D-2A6D66E10C86}
		{8D1125E1-F69A-4CD2-9686-4728BC2802AF} = {08FE6E96-F24F-420E-8F0D-2A6D66E10C86}
		{9C2A61AD-4CB0-453B-A94F-84D0A43347A0} = {08FE6E96-F24F-420E-8F0D-2A6D66E10C86}
		{66879AC7-BF20-4604-B6E0-D6CFD5D6751A} = {7704F3FF-9641-4CCF-8888-8AF0C4FE3DA8}
		{ECA50811-8384-4523-8536-752C46635566} = {08FE6E96-F24F-420E-8F0D-2A6D66E10C86}
		{2154EF50-C92E-4511-8631-88036C198E77} = {08FE6E96-F24F-420E-8F0D-2A6D66E10C86}
		{701A3BA7-1449-4D3E-8632-E3390A4C06EF} = {08FE6E96-F24F-420E-8F0D-2A6D66E10C86}
		{EFEE86EA-5C8F-44E1-882D-CDBEC5EFC793} = {42F1E36B-C1DC-4278-A39E-AFB651E30C7E}
	EndGlobalSection
EndGlobal
